{
  "name": "agent-demos",
  "lockfileVersion": 3,
  "requires": true,
  "packages": {
    "": {
      "name": "agent-demos",
      "dependencies": {
        "partial-json": "^0.1.7",
        "typebox": "^1.3.27"
      }
    },
    "node_modules/partial-json": {
      "version": "0.1.7",
      "resolved": "https://registry.npmjs.org/partial-json/-/partial-json-0.1.7.tgz",
      "integrity": "sha512-Njv/59hHaokb/hRUjce3Hdv12wd60MtM9Z5Olmn+nehe0QDAsRtRbJPvJ0Z91TusF0SuZRIvnM+S4l6EIP8leA==",
      "license": "MIT"
    },
    "node_modules/typebox": {
      "version": "1.3.27",
      "resolved": "https://registry.npmjs.org/typebox/-/typebox-1.3.27.tgz",
      "integrity": "sha512-zu+jc1pcy4UiNThxikUr36f0Rybk9PEeCg/NE6adeWr/SKsdNO4EzZHYRDlv2YCVAfj3Odq3dESSo/jNyoBXzA==",
      "license": "MIT"
    }
  }
}
